
Microsoft Visual Studio Solution File, Format Version 12.00
# Visual Studio 2013
VisualStudioVersion = 12.0.31101.0
MinimumVisualStudioVersion = 10.0.40219.1
Project("{FAE04EC0-301F-11D3-BF4B-00C04F79EFBC}") = "XCLNetSearch", "XCLNetSearch\XCLNetSearch.csproj", "{69937509-48C6-4300-A5FD-DDD38402FBDC}"
EndProject
Project("{FAE04EC0-301F-11D3-BF4B-00C04F79EFBC}") = "TestWeb", "TestWeb\TestWeb.csproj", "{F4C420C2-A4BB-4170-B144-5A0419889835}"
EndProject
Global
	GlobalSection(SolutionConfigurationPlatforms) = preSolution
		Debug|Any CPU = Debug|Any CPU
		Release|Any CPU = Release|Any CPU
	EndGlobalSection
	GlobalSection(ProjectConfigurationPlatforms) = postSolution
		{69937509-48C6-4300-A5FD-DDD38402FBDC}.Debug|Any CPU.ActiveCfg = Debug|Any CPU
		{69937509-48C6-4300-A5FD-DDD38402FBDC}.Debug|Any CPU.Build.0 = Debug|Any CPU
		{69937509-48C6-4300-A5FD-DDD38402FBDC}.Release|Any CPU.ActiveCfg = Release|Any CPU
		{69937509-48C6-4300-A5FD-DDD38402FBDC}.Release|Any CPU.Build.0 = Release|Any CPU
		{F4C420C2-A4BB-4170-B144-5A0419889835}.Debug|Any CPU.ActiveCfg = Debug|Any CPU
		{F4C420C2-A4BB-4170-B144-5A0419889835}.Debug|Any CPU.Build.0 = Debug|Any CPU
		{F4C420C2-A4BB-4170-B144-5A0419889835}.Release|Any CPU.ActiveCfg = Release|Any CPU
		{F4C420C2-A4BB-4170-B144-5A0419889835}.Release|Any CPU.Build.0 = Release|Any CPU
	EndGlobalSection
	GlobalSection(SolutionProperties) = preSolution
		HideSolutionNode = FALSE
	EndGlobalSection
EndGlobal
